// !$*UTF8*$!
{
	archiveVersion = 1;
	classes = {
	};
	objectVersion = 46;
	objects = {

/* Begin PBXBuildFile section */
		D3B2684C1CC664340074CA6C /* AppDelegate.swift in Sources */ = {isa = PBXBuildFile; fileRef = D3B2684B1CC664340074CA6C /* AppDelegate.swift */; };
		D3B2684E1CC664340074CA6C /* ViewController.swift in Sources */ = {isa = PBXBuildFile; fileRef = D3B2684D1CC664340074CA6C /* ViewController.swift */; };
		D3B268511CC664350074CA6C /* Main.storyboard in Resources */ = {isa = PBXBuildFile; fileRef = D3B2684F1CC664350074CA6C /* Main.storyboard */; };
		D3B268531CC664350074CA6C /* Assets.xcassets in Resources */ = {isa = PBXBuildFile; fileRef = D3B268521CC664350074CA6C /* Assets.xcassets */; };
		D3B268561CC664350074CA6C /* LaunchScreen.storyboard in Resources */ = {isa = PBXBuildFile; fileRef = D3B268541CC664350074CA6C /* LaunchScreen.storyboard */; };
/* End PBXBuildFile section */

/* Begin PBXFileReference section */
		D3B268481CC664340074CA6C /* image-picker.app */ = {isa = PBXFileReference; explicitFileType = wrapper.application; includeInIndex = 0; path = "image-picker.app"; sourceTree = BUILT_PRODUCTS_DIR; };
		D3B2684B1CC664340074CA6C /* AppDelegate.swift */ = {isa = PBXFileReference; lastKnownFileType = sourcecode.swift; path = AppDelegate.swift; sourceTree = "<group>"; };
		D3B2684D1CC664340074CA6C /* ViewController.swift */ = {isa = PBXFileReference; lastKnownFileType = sourcecode.swift; path = ViewController.swift; sourceTree = "<group>"; };
		D3B268501CC664350074CA6C /* Base */ = {isa = PBXFileReference; lastKnownFileType = file.storyboard; name = Base; path = Base.lproj/Main.storyboard; sourceTree = "<group>"; };
		D3B268521CC664350074CA6C /* Assets.xcassets */ = {isa = PBXFileReference; lastKnownFileType = folder.assetcatalog; path = Assets.xcassets; sourceTree = "<group>"; };
		D3B268551CC664350074CA6C /* Base */ = {isa = PBXFileReference; lastKnownFileType = file.storyboard; name = Base; path = Base.lproj/LaunchScreen.storyboard; sourceTree = "<group>"; };
		D3B268571CC664350074CA6C /* Info.plist */ = {isa = PBXFileReference; lastKnownFileType = text.plist.xml; path = Info.plist; sourceTree = "<group>"; };
/* End PBXFileReference section */

/* Begin PBXFrameworksBuildPhase section */
		D3B268451CC664340074CA6C /* Frameworks */ = {
			isa = PBXFrameworksBuildPhase;
			buildActionMask = 2147483647;
			files = (
			);
			runOnlyForDeploymentPostprocessing = 0;
		};
/* End PBXFrameworksBuildPhase section */

/* Begin PBXGroup section */
		D3B2683F1CC664340074CA6C = {
			isa = PBXGroup;
			children = (
				D3B2684A1CC664340074CA6C /* image-picker */,
				D3B268491CC664340074CA6C /* Products */,
			);
			sourceTree = "<group>";
		};
		D3B268491CC664340074CA6C /* Products */ = {
			isa = PBXGroup;
			children = (
				D3B268481CC664340074CA6C /* image-picker.app */,
			);
			name = Products;
			sourceTree = "<group>";
		};
		D3B2684A1CC664340074CA6C /* image-picker */ = {
			isa = PBXGroup;
			children = (
				D3B2684B1CC664340074CA6C /* AppDelegate.swift */,
				D3B2684D1CC664340074CA6C /* ViewController.swift */,
				D3B2684F1CC664350074CA6C /* Main.storyboard */,
				D3B268521CC664350074CA6C /* Assets.xcassets */,
				D3B268541CC664350074CA6C /* LaunchScreen.storyboard */,
				D3B268571CC664350074CA6C /* Info.plist */,
			);
			path = "image-picker";
			sourceTree = "<group>";
		};
/* End PBXGroup section */

/* Begin PBXNativeTarget section */
		D3B268471CC664340074CA6C /* image-picker */ = {
			isa = PBXNativeTarget;
			buildConfigurationList = D3B2685A1CC664350074CA6C /* Build configuration list for PBXNativeTarget "image-picker" */;
			buildPhases = (
				D3B268441CC664340074CA6C /* Sources */,
				D3B268451CC664340074CA6C /* Frameworks */,
				D3B268461CC664340074CA6C /* Resources */,
			);
			buildRules = (
			);
			dependencies = (
			);
			name = "image-picker";
			productName = "image-picker";
			productReference = D3B268481CC664340074CA6C /* image-picker.app */;
			productType = "com.apple.product-type.application";
		};
/* End PBXNativeTarget section */

/* Begin PBXProject section */
		D3B268401CC664340074CA6C /* Project object */ = {
			isa = PBXProject;
			attributes = {
				LastSwiftUpdateCheck = 0730;
				LastUpgradeCheck = 0730;
				ORGANIZATIONNAME = "milkshake-systems";
				TargetAttributes = {
					D3B268471CC664340074CA6C = {
						CreatedOnToolsVersion = 7.3;
						DevelopmentTeam = 98626S38U9;
					};
				};
			};
			buildConfigurationList = D3B268431CC664340074CA6C /* Build configuration list for PBXProject "image-picker" */;
			compatibilityVersion = "Xcode 3.2";
			developmentRegion = English;
			hasScannedForEncodings = 0;
			knownRegions = (
				en,
				Base,
			);
			mainGroup = D3B2683F1CC664340074CA6C;
			productRefGroup = D3B268491CC664340074CA6C /* Products */;
			projectDirPath = "";
			projectRoot = "";
			targets = (
				D3B268471CC664340074CA6C /* image-picker */,
			);
		};
/* End PBXProject section */

/* Begin PBXResourcesBuildPhase section */
		D3B268461CC664340074CA6C /* Resources */ = {
			isa = PBXResourcesBuildPhase;
			buildActionMask = 2147483647;
			files = (
				D3B268561CC664350074CA6C /* LaunchScreen.storyboard in Resources */,
				D3B268531CC664350074CA6C /* Assets.xcassets in Resources */,
				D3B268511CC664350074CA6C /* Main.storyboard in Resources */,
			);
			runOnlyForDeploymentPostprocessing = 0;
		};
/* End PBXResourcesBuildPhase section */

/* Begin PBXSourcesBuildPhase section */
		D3B268441CC664340074CA6C /* Sources */ = {
			isa = PBXSourcesBuildPhase;
			buildActionMask = 2147483647;
			files = (
				D3B2684E1CC664340074CA6C /* ViewController.swift in Sources */,
				D3B2684C1CC664340074CA6C /* AppDelegate.swift in Sources */,
			);
			runOnlyForDeploymentPostprocessing = 0;
		};
/* End PBXSourcesBuildPhase section */

/* Begin PBXVariantGroup section */
		D3B2684F1CC664350074CA6C /* Main.storyboard */ = {
			isa = PBXVariantGroup;
			children = (
				D3B268501CC664350074CA6C /* Base */,
			);
			name = Main.storyboard;
			sourceTree = "<group>";
		};
		D3B268541CC664350074CA6C /* LaunchScreen.storyboard */ = {
			isa = PBXVariantGroup;
			children = (
				D3B268551CC664350074CA6C /* Base */,
			);
			name = LaunchScreen.storyboard;
			sourceTree = "<group>";
		};
/* End PBXVariantGroup section */

/* Begin XCBuildConfiguration section */
		D3B268581CC664350074CA6C /* Debug */ = {
			isa = XCBuildConfiguration;
			buildSettings = {
				ALWAYS_SEARCH_USER_PATHS = NO;
				CLANG_ANALYZER_NONNULL = YES;
				CLANG_CXX_LANGUAGE_STANDARD = "gnu++0x";
				CLANG_CXX_LIBRARY = "libc++";
				CLANG_ENABLE_MODULES = YES;
				CLANG_ENABLE_OBJC_ARC = YES;
				CLANG_WARN_BOOL_CONVERSION = YES;
				CLANG_WARN_CONSTANT_CONVERSION = YES;
				CLANG_WARN_DIRECT_OBJC_ISA_USAGE = YES_ERROR;
				CLANG_WARN_EMPTY_BODY = YES;
				CLANG_WARN_ENUM_CONVERSION = YES;
				CLANG_WARN_INT_CONVERSION = YES;
				CLANG_WARN_OBJC_ROOT_CLASS = YES_ERROR;
				CLANG_WARN_UNREACHABLE_CODE = YES;
				CLANG_WARN__DUPLICATE_METHOD_MATCH = YES;
				"CODE_SIGN_IDENTITY[sdk=iphoneos*]" = "iPhone Developer";
				COPY_PHASE_STRIP = NO;
				DEBUG_INFORMATION_FORMAT = dwarf;
				ENABLE_STRICT_OBJC_MSGSEND = YES;
				ENABLE_TESTABILITY = YES;
				GCC_C_LANGUAGE_STANDARD = gnu99;
				GCC_DYNAMIC_NO_PIC = NO;
				GCC_NO_COMMON_BLOCKS = YES;
				GCC_OPTIMIZATION_LEVEL = 0;
				GCC_PREPROCESSOR_DEFINITIONS = (
					"DEBUG=1",
					"$(inherited)",
				);
				GCC_WARN_64_TO_32_BIT_CONVERSION = YES;
				GCC_WARN_ABOUT_RETURN_TYPE = YES_ERROR;
				GCC_WARN_UNDECLARED_SELECTOR = YES;
				GCC_WARN_UNINITIALIZED_AUTOS = YES_AGGRESSIVE;
				GCC_WARN_UNUSED_FUNCTION = YES;
				GCC_WARN_UNUSED_VARIABLE = YES;
				IPHONEOS_DEPLOYMENT_TARGET = 9.3;
				MTL_ENABLE_DEBUG_INFO = YES;
				ONLY_ACTIVE_ARCH = YES;
				SDKROOT = iphoneos;
				SWIFT_OPTIMIZATION_LEVEL = "-Onone";
			};
			name = Debug;
		};
		D3B268591CC664350074CA6C /* Release */ = {
			isa = XCBuildConfiguration;
			buildSettings = {
				ALWAYS_SEARCH_USER_PATHS = NO;
				CLANG_ANALYZER_NONNULL = YES;
				CLANG_CXX_LANGUAGE_STANDARD = "gnu++0x";
				CLANG_CXX_LIBRARY = "libc++";
				CLANG_ENABLE_MODULES = YES;
				CLANG_ENABLE_OBJC_ARC = YES;
				CLANG_WARN_BOOL_CONVERSION = YES;
				CLANG_WARN_CONSTANT_CONVERSION = YES;
				CLANG_WARN_DIRECT_OBJC_ISA_USAGE = YES_ERROR;
				CLANG_WARN_EMPTY_BODY = YES;
				CLANG_WARN_ENUM_CONVERSION = YES;
				CLANG_WARN_INT_CONVERSION = YES;
				CLANG_WARN_OBJC_ROOT_CLASS = YES_ERROR;
				CLANG_WARN_UNREACHABLE_CODE = YES;
				CLANG_WARN__DUPLICATE_METHOD_MATCH = YES;
				"CODE_SIGN_IDENTITY[sdk=iphoneos*]" = "iPhone Developer";
				COPY_PHASE_STRIP = NO;
				DEBUG_INFORMATION_FORMAT = "dwarf-with-dsym";
				ENABLE_NS_ASSERTIONS = NO;
				ENABLE_STRICT_OBJC_MSGSEND = YES;
				GCC_C_LANGUAGE_STANDARD = gnu99;
				GCC_NO_COMMON_BLOCKS = YES;
				GCC_WARN_64_TO_32_BIT_CONVERSION = YES;
				GCC_WARN_ABOUT_RETURN_TYPE = YES_ERROR;
				GCC_WARN_UNDECLARED_SELECTOR = YES;
				GCC_WARN_UNINITIALIZED_AUTOS = YES_AGGRESSIVE;
				GCC_WARN_UNUSED_FUNCTION = YES;
				GCC_WARN_UNUSED_VARIABLE = YES;
				IPHONEOS_DEPLOYMENT_TARGET = 9.3;
				MTL_ENABLE_DEBUG_INFO = NO;
				SDKROOT = iphoneos;
				VALIDATE_PRODUCT = YES;
			};
			name = Release;
		};
		D3B2685B1CC664350074CA6C /* Debug */ = {
			isa = XCBuildConfiguration;
			buildSettings = {
				ASSETCATALOG_COMPILER_APPICON_NAME = AppIcon;
				INFOPLIST_FILE = "image-picker/Info.plist";
				IPHONEOS_DEPLOYMENT_TARGET = 8.0;
				LD_RUNPATH_SEARCH_PATHS = "$(inherited) @executable_path/Frameworks";
				PRODUCT_BUNDLE_IDENTIFIER = "com.milkshakesystems.image-picker";
				PRODUCT_NAME = "$(TARGET_NAME)";
			};
			name = Debug;
		};
		D3B2685C1CC664350074CA6C /* Release */ = {
			isa = XCBuildConfiguration;
			buildSettings = {
				ASSETCATALOG_COMPILER_APPICON_NAME = AppIcon;
				INFOPLIST_FILE = "image-picker/Info.plist";
				IPHONEOS_DEPLOYMENT_TARGET = 8.0;
				LD_RUNPATH_SEARCH_PATHS = "$(inherited) @executable_path/Frameworks";
				PRODUCT_BUNDLE_IDENTIFIER = "com.milkshakesystems.image-picker";
				PRODUCT_NAME = "$(TARGET_NAME)";
			};
			name = Release;
		};
/* End XCBuildConfiguration section */

/* Begin XCConfigurationList section */
		D3B268431CC664340074CA6C /* Build configuration list for PBXProject "image-picker" */ = {
			isa = XCConfigurationList;
			buildConfigurations = (
				D3B268581CC664350074CA6C /* Debug */,
				D3B268591CC664350074CA6C /* Release */,
			);
			defaultConfigurationIsVisible = 0;
			defaultConfigurationName = Release;
		};
		D3B2685A1CC664350074CA6C /* Build configuration list for PBXNativeTarget "image-picker" */ = {
			isa = XCConfigurationList;
			buildConfigurations = (
				D3B2685B1CC664350074CA6C /* Debug */,
				D3B2685C1CC664350074CA6C /* Release */,
			);
			defaultConfigurationIsVisible = 0;
			defaultConfigurationName = Release;
		};
/* End XCConfigurationList section */
	};
	rootObject = D3B268401CC664340074CA6C /* Project object */;
}
