// !$*UTF8*$!
{
	archiveVersion = 1;
	classes = {
	};
	objectVersion = 46;
	objects = {

/* Begin PBXBuildFile section */
		D38F5F291CB0181900E10C56 /* AppDelegate.swift in Sources */ = {isa = PBXBuildFile; fileRef = D38F5F281CB0181900E10C56 /* AppDelegate.swift */; };
		D38F5F2B1CB0181900E10C56 /* ViewController.swift in Sources */ = {isa = PBXBuildFile; fileRef = D38F5F2A1CB0181900E10C56 /* ViewController.swift */; };
		D38F5F2E1CB0181A00E10C56 /* Main.storyboard in Resources */ = {isa = PBXBuildFile; fileRef = D38F5F2C1CB0181A00E10C56 /* Main.storyboard */; };
		D38F5F301CB0181A00E10C56 /* Assets.xcassets in Resources */ = {isa = PBXBuildFile; fileRef = D38F5F2F1CB0181A00E10C56 /* Assets.xcassets */; };
		D38F5F331CB0181A00E10C56 /* LaunchScreen.storyboard in Resources */ = {isa = PBXBuildFile; fileRef = D38F5F311CB0181A00E10C56 /* LaunchScreen.storyboard */; };
/* End PBXBuildFile section */

/* Begin PBXFileReference section */
		D38F5F251CB0181700E10C56 /* election-2016-ios.app */ = {isa = PBXFileReference; explicitFileType = wrapper.application; includeInIndex = 0; path = "election-2016-ios.app"; sourceTree = BUILT_PRODUCTS_DIR; };
		D38F5F281CB0181900E10C56 /* AppDelegate.swift */ = {isa = PBXFileReference; lastKnownFileType = sourcecode.swift; path = AppDelegate.swift; sourceTree = "<group>"; };
		D38F5F2A1CB0181900E10C56 /* ViewController.swift */ = {isa = PBXFileReference; lastKnownFileType = sourcecode.swift; path = ViewController.swift; sourceTree = "<group>"; };
		D38F5F2D1CB0181A00E10C56 /* Base */ = {isa = PBXFileReference; lastKnownFileType = file.storyboard; name = Base; path = Base.lproj/Main.storyboard; sourceTree = "<group>"; };
		D38F5F2F1CB0181A00E10C56 /* Assets.xcassets */ = {isa = PBXFileReference; lastKnownFileType = folder.assetcatalog; path = Assets.xcassets; sourceTree = "<group>"; };
		D38F5F321CB0181A00E10C56 /* Base */ = {isa = PBXFileReference; lastKnownFileType = file.storyboard; name = Base; path = Base.lproj/LaunchScreen.storyboard; sourceTree = "<group>"; };
		D38F5F341CB0181A00E10C56 /* Info.plist */ = {isa = PBXFileReference; lastKnownFileType = text.plist.xml; path = Info.plist; sourceTree = "<group>"; };
/* End PBXFileReference section */

/* Begin PBXFrameworksBuildPhase section */
		D38F5F221CB0181700E10C56 /* Frameworks */ = {
			isa = PBXFrameworksBuildPhase;
			buildActionMask = 2147483647;
			files = (
			);
			runOnlyForDeploymentPostprocessing = 0;
		};
/* End PBXFrameworksBuildPhase section */

/* Begin PBXGroup section */
		D38F5F1C1CB0181600E10C56 = {
			isa = PBXGroup;
			children = (
				D38F5F271CB0181900E10C56 /* election-2016-ios */,
				D38F5F261CB0181700E10C56 /* Products */,
			);
			sourceTree = "<group>";
		};
		D38F5F261CB0181700E10C56 /* Products */ = {
			isa = PBXGroup;
			children = (
				D38F5F251CB0181700E10C56 /* election-2016-ios.app */,
			);
			name = Products;
			sourceTree = "<group>";
		};
		D38F5F271CB0181900E10C56 /* election-2016-ios */ = {
			isa = PBXGroup;
			children = (
				D38F5F281CB0181900E10C56 /* AppDelegate.swift */,
				D38F5F2A1CB0181900E10C56 /* ViewController.swift */,
				D38F5F2C1CB0181A00E10C56 /* Main.storyboard */,
				D38F5F2F1CB0181A00E10C56 /* Assets.xcassets */,
				D38F5F311CB0181A00E10C56 /* LaunchScreen.storyboard */,
				D38F5F341CB0181A00E10C56 /* Info.plist */,
			);
			path = "election-2016-ios";
			sourceTree = "<group>";
		};
/* End PBXGroup section */

/* Begin PBXNativeTarget section */
		D38F5F241CB0181700E10C56 /* election-2016-ios */ = {
			isa = PBXNativeTarget;
			buildConfigurationList = D38F5F371CB0181A00E10C56 /* Build configuration list for PBXNativeTarget "election-2016-ios" */;
			buildPhases = (
				D38F5F211CB0181700E10C56 /* Sources */,
				D38F5F221CB0181700E10C56 /* Frameworks */,
				D38F5F231CB0181700E10C56 /* Resources */,
			);
			buildRules = (
			);
			dependencies = (
			);
			name = "election-2016-ios";
			productName = "election-2016-ios";
			productReference = D38F5F251CB0181700E10C56 /* election-2016-ios.app */;
			productType = "com.apple.product-type.application";
		};
/* End PBXNativeTarget section */

/* Begin PBXProject section */
		D38F5F1D1CB0181600E10C56 /* Project object */ = {
			isa = PBXProject;
			attributes = {
				LastSwiftUpdateCheck = 0730;
				LastUpgradeCheck = 0730;
				ORGANIZATIONNAME = "milkshake-systems";
				TargetAttributes = {
					D38F5F241CB0181700E10C56 = {
						CreatedOnToolsVersion = 7.3;
						DevelopmentTeam = 98626S38U9;
					};
				};
			};
			buildConfigurationList = D38F5F201CB0181600E10C56 /* Build configuration list for PBXProject "election-2016-ios" */;
			compatibilityVersion = "Xcode 3.2";
			developmentRegion = English;
			hasScannedForEncodings = 0;
			knownRegions = (
				en,
				Base,
			);
			mainGroup = D38F5F1C1CB0181600E10C56;
			productRefGroup = D38F5F261CB0181700E10C56 /* Products */;
			projectDirPath = "";
			projectRoot = "";
			targets = (
				D38F5F241CB0181700E10C56 /* election-2016-ios */,
			);
		};
/* End PBXProject section */

/* Begin PBXResourcesBuildPhase section */
		D38F5F231CB0181700E10C56 /* Resources */ = {
			isa = PBXResourcesBuildPhase;
			buildActionMask = 2147483647;
			files = (
				D38F5F331CB0181A00E10C56 /* LaunchScreen.storyboard in Resources */,
				D38F5F301CB0181A00E10C56 /* Assets.xcassets in Resources */,
				D38F5F2E1CB0181A00E10C56 /* Main.storyboard in Resources */,
			);
			runOnlyForDeploymentPostprocessing = 0;
		};
/* End PBXResourcesBuildPhase section */

/* Begin PBXSourcesBuildPhase section */
		D38F5F211CB0181700E10C56 /* Sources */ = {
			isa = PBXSourcesBuildPhase;
			buildActionMask = 2147483647;
			files = (
				D38F5F2B1CB0181900E10C56 /* ViewController.swift in Sources */,
				D38F5F291CB0181900E10C56 /* AppDelegate.swift in Sources */,
			);
			runOnlyForDeploymentPostprocessing = 0;
		};
/* End PBXSourcesBuildPhase section */

/* Begin PBXVariantGroup section */
		D38F5F2C1CB0181A00E10C56 /* Main.storyboard */ = {
			isa = PBXVariantGroup;
			children = (
				D38F5F2D1CB0181A00E10C56 /* Base */,
			);
			name = Main.storyboard;
			sourceTree = "<group>";
		};
		D38F5F311CB0181A00E10C56 /* LaunchScreen.storyboard */ = {
			isa = PBXVariantGroup;
			children = (
				D38F5F321CB0181A00E10C56 /* Base */,
			);
			name = LaunchScreen.storyboard;
			sourceTree = "<group>";
		};
/* End PBXVariantGroup section */

/* Begin XCBuildConfiguration section */
		D38F5F351CB0181A00E10C56 /* Debug */ = {
			isa = XCBuildConfiguration;
			buildSettings = {
				ALWAYS_SEARCH_USER_PATHS = NO;
				CLANG_ANALYZER_NONNULL = YES;
				CLANG_CXX_LANGUAGE_STANDARD = "gnu++0x";
				CLANG_CXX_LIBRARY = "libc++";
				CLANG_ENABLE_MODULES = YES;
				CLANG_ENABLE_OBJC_ARC = YES;
				CLANG_WARN_BOOL_CONVERSION = YES;
				CLANG_WARN_CONSTANT_CONVERSION = YES;
				CLANG_WARN_DIRECT_OBJC_ISA_USAGE = YES_ERROR;
				CLANG_WARN_EMPTY_BODY = YES;
				CLANG_WARN_ENUM_CONVERSION = YES;
				CLANG_WARN_INT_CONVERSION = YES;
				CLANG_WARN_OBJC_ROOT_CLASS = YES_ERROR;
				CLANG_WARN_UNREACHABLE_CODE = YES;
				CLANG_WARN__DUPLICATE_METHOD_MATCH = YES;
				"CODE_SIGN_IDENTITY[sdk=iphoneos*]" = "iPhone Developer";
				COPY_PHASE_STRIP = NO;
				DEBUG_INFORMATION_FORMAT = dwarf;
				ENABLE_STRICT_OBJC_MSGSEND = YES;
				ENABLE_TESTABILITY = YES;
				GCC_C_LANGUAGE_STANDARD = gnu99;
				GCC_DYNAMIC_NO_PIC = NO;
				GCC_NO_COMMON_BLOCKS = YES;
				GCC_OPTIMIZATION_LEVEL = 0;
				GCC_PREPROCESSOR_DEFINITIONS = (
					"DEBUG=1",
					"$(inherited)",
				);
				GCC_WARN_64_TO_32_BIT_CONVERSION = YES;
				GCC_WARN_ABOUT_RETURN_TYPE = YES_ERROR;
				GCC_WARN_UNDECLARED_SELECTOR = YES;
				GCC_WARN_UNINITIALIZED_AUTOS = YES_AGGRESSIVE;
				GCC_WARN_UNUSED_FUNCTION = YES;
				GCC_WARN_UNUSED_VARIABLE = YES;
				IPHONEOS_DEPLOYMENT_TARGET = 9.3;
				MTL_ENABLE_DEBUG_INFO = YES;
				ONLY_ACTIVE_ARCH = YES;
				SDKROOT = iphoneos;
				SWIFT_OPTIMIZATION_LEVEL = "-Onone";
			};
			name = Debug;
		};
		D38F5F361CB0181A00E10C56 /* Release */ = {
			isa = XCBuildConfiguration;
			buildSettings = {
				ALWAYS_SEARCH_USER_PATHS = NO;
				CLANG_ANALYZER_NONNULL = YES;
				CLANG_CXX_LANGUAGE_STANDARD = "gnu++0x";
				CLANG_CXX_LIBRARY = "libc++";
				CLANG_ENABLE_MODULES = YES;
				CLANG_ENABLE_OBJC_ARC = YES;
				CLANG_WARN_BOOL_CONVERSION = YES;
				CLANG_WARN_CONSTANT_CONVERSION = YES;
				CLANG_WARN_DIRECT_OBJC_ISA_USAGE = YES_ERROR;
				CLANG_WARN_EMPTY_BODY = YES;
				CLANG_WARN_ENUM_CONVERSION = YES;
				CLANG_WARN_INT_CONVERSION = YES;
				CLANG_WARN_OBJC_ROOT_CLASS = YES_ERROR;
				CLANG_WARN_UNREACHABLE_CODE = YES;
				CLANG_WARN__DUPLICATE_METHOD_MATCH = YES;
				"CODE_SIGN_IDENTITY[sdk=iphoneos*]" = "iPhone Developer";
				COPY_PHASE_STRIP = NO;
				DEBUG_INFORMATION_FORMAT = "dwarf-with-dsym";
				ENABLE_NS_ASSERTIONS = NO;
				ENABLE_STRICT_OBJC_MSGSEND = YES;
				GCC_C_LANGUAGE_STANDARD = gnu99;
				GCC_NO_COMMON_BLOCKS = YES;
				GCC_WARN_64_TO_32_BIT_CONVERSION = YES;
				GCC_WARN_ABOUT_RETURN_TYPE = YES_ERROR;
				GCC_WARN_UNDECLARED_SELECTOR = YES;
				GCC_WARN_UNINITIALIZED_AUTOS = YES_AGGRESSIVE;
				GCC_WARN_UNUSED_FUNCTION = YES;
				GCC_WARN_UNUSED_VARIABLE = YES;
				IPHONEOS_DEPLOYMENT_TARGET = 9.3;
				MTL_ENABLE_DEBUG_INFO = NO;
				SDKROOT = iphoneos;
				VALIDATE_PRODUCT = YES;
			};
			name = Release;
		};
		D38F5F381CB0181A00E10C56 /* Debug */ = {
			isa = XCBuildConfiguration;
			buildSettings = {
				ASSETCATALOG_COMPILER_APPICON_NAME = AppIcon;
				INFOPLIST_FILE = "election-2016-ios/Info.plist";
				LD_RUNPATH_SEARCH_PATHS = "$(inherited) @executable_path/Frameworks";
				PRODUCT_BUNDLE_IDENTIFIER = "com.milkshakesystems.election-2016-ios";
				PRODUCT_NAME = "$(TARGET_NAME)";
			};
			name = Debug;
		};
		D38F5F391CB0181A00E10C56 /* Release */ = {
			isa = XCBuildConfiguration;
			buildSettings = {
				ASSETCATALOG_COMPILER_APPICON_NAME = AppIcon;
				INFOPLIST_FILE = "election-2016-ios/Info.plist";
				LD_RUNPATH_SEARCH_PATHS = "$(inherited) @executable_path/Frameworks";
				PRODUCT_BUNDLE_IDENTIFIER = "com.milkshakesystems.election-2016-ios";
				PRODUCT_NAME = "$(TARGET_NAME)";
			};
			name = Release;
		};
/* End XCBuildConfiguration section */

/* Begin XCConfigurationList section */
		D38F5F201CB0181600E10C56 /* Build configuration list for PBXProject "election-2016-ios" */ = {
			isa = XCConfigurationList;
			buildConfigurations = (
				D38F5F351CB0181A00E10C56 /* Debug */,
				D38F5F361CB0181A00E10C56 /* Release */,
			);
			defaultConfigurationIsVisible = 0;
			defaultConfigurationName = Release;
		};
		D38F5F371CB0181A00E10C56 /* Build configuration list for PBXNativeTarget "election-2016-ios" */ = {
			isa = XCConfigurationList;
			buildConfigurations = (
				D38F5F381CB0181A00E10C56 /* Debug */,
				D38F5F391CB0181A00E10C56 /* Release */,
			);
			defaultConfigurationIsVisible = 0;
		};
/* End XCConfigurationList section */
	};
	rootObject = D38F5F1D1CB0181600E10C56 /* Project object */;
}
