// !$*UTF8*$!
{
	archiveVersion = 1;
	classes = {
	};
	objectVersion = 46;
	objects = {

/* Begin PBXBuildFile section */
		D32F59271CB2A8F30085727E /* AppDelegate.swift in Sources */ = {isa = PBXBuildFile; fileRef = D32F59261CB2A8F30085727E /* AppDelegate.swift */; };
		D32F59291CB2A8F30085727E /* ViewController.swift in Sources */ = {isa = PBXBuildFile; fileRef = D32F59281CB2A8F30085727E /* ViewController.swift */; };
		D32F592C1CB2A8F30085727E /* Main.storyboard in Resources */ = {isa = PBXBuildFile; fileRef = D32F592A1CB2A8F30085727E /* Main.storyboard */; };
		D32F592E1CB2A8F30085727E /* Assets.xcassets in Resources */ = {isa = PBXBuildFile; fileRef = D32F592D1CB2A8F30085727E /* Assets.xcassets */; };
		D32F59311CB2A8F30085727E /* LaunchScreen.storyboard in Resources */ = {isa = PBXBuildFile; fileRef = D32F592F1CB2A8F30085727E /* LaunchScreen.storyboard */; };
		D32F59391CB2B7680085727E /* SlidesViewController.swift in Sources */ = {isa = PBXBuildFile; fileRef = D32F59381CB2B7670085727E /* SlidesViewController.swift */; };
		D32F593C1CB2BC1D0085727E /* mets@2x.png in Resources */ = {isa = PBXBuildFile; fileRef = D32F593B1CB2BC1D0085727E /* mets@2x.png */; };
		D32F593E1CB2BD6D0085727E /* giants@2x.png in Resources */ = {isa = PBXBuildFile; fileRef = D32F593D1CB2BD6D0085727E /* giants@2x.png */; };
		D32F59401CB2BD750085727E /* yankees@2x.png in Resources */ = {isa = PBXBuildFile; fileRef = D32F593F1CB2BD750085727E /* yankees@2x.png */; };
/* End PBXBuildFile section */

/* Begin PBXFileReference section */
		D32F59231CB2A8F30085727E /* first-views.app */ = {isa = PBXFileReference; explicitFileType = wrapper.application; includeInIndex = 0; path = "first-views.app"; sourceTree = BUILT_PRODUCTS_DIR; };
		D32F59261CB2A8F30085727E /* AppDelegate.swift */ = {isa = PBXFileReference; lastKnownFileType = sourcecode.swift; path = AppDelegate.swift; sourceTree = "<group>"; };
		D32F59281CB2A8F30085727E /* ViewController.swift */ = {isa = PBXFileReference; lastKnownFileType = sourcecode.swift; path = ViewController.swift; sourceTree = "<group>"; };
		D32F592B1CB2A8F30085727E /* Base */ = {isa = PBXFileReference; lastKnownFileType = file.storyboard; name = Base; path = Base.lproj/Main.storyboard; sourceTree = "<group>"; };
		D32F592D1CB2A8F30085727E /* Assets.xcassets */ = {isa = PBXFileReference; lastKnownFileType = folder.assetcatalog; path = Assets.xcassets; sourceTree = "<group>"; };
		D32F59301CB2A8F30085727E /* Base */ = {isa = PBXFileReference; lastKnownFileType = file.storyboard; name = Base; path = Base.lproj/LaunchScreen.storyboard; sourceTree = "<group>"; };
		D32F59321CB2A8F30085727E /* Info.plist */ = {isa = PBXFileReference; lastKnownFileType = text.plist.xml; path = Info.plist; sourceTree = "<group>"; };
		D32F59381CB2B7670085727E /* SlidesViewController.swift */ = {isa = PBXFileReference; fileEncoding = 4; lastKnownFileType = sourcecode.swift; path = SlidesViewController.swift; sourceTree = "<group>"; };
		D32F593B1CB2BC1D0085727E /* mets@2x.png */ = {isa = PBXFileReference; lastKnownFileType = image.png; path = "mets@2x.png"; sourceTree = "<group>"; };
		D32F593D1CB2BD6D0085727E /* giants@2x.png */ = {isa = PBXFileReference; lastKnownFileType = image.png; path = "giants@2x.png"; sourceTree = "<group>"; };
		D32F593F1CB2BD750085727E /* yankees@2x.png */ = {isa = PBXFileReference; lastKnownFileType = image.png; path = "yankees@2x.png"; sourceTree = "<group>"; };
/* End PBXFileReference section */

/* Begin PBXFrameworksBuildPhase section */
		D32F59201CB2A8F30085727E /* Frameworks */ = {
			isa = PBXFrameworksBuildPhase;
			buildActionMask = 2147483647;
			files = (
			);
			runOnlyForDeploymentPostprocessing = 0;
		};
/* End PBXFrameworksBuildPhase section */

/* Begin PBXGroup section */
		D32F591A1CB2A8F30085727E = {
			isa = PBXGroup;
			children = (
				D32F59251CB2A8F30085727E /* first-views */,
				D32F59241CB2A8F30085727E /* Products */,
			);
			sourceTree = "<group>";
		};
		D32F59241CB2A8F30085727E /* Products */ = {
			isa = PBXGroup;
			children = (
				D32F59231CB2A8F30085727E /* first-views.app */,
			);
			name = Products;
			sourceTree = "<group>";
		};
		D32F59251CB2A8F30085727E /* first-views */ = {
			isa = PBXGroup;
			children = (
				D32F593A1CB2BC1D0085727E /* images */,
				D32F59261CB2A8F30085727E /* AppDelegate.swift */,
				D32F59281CB2A8F30085727E /* ViewController.swift */,
				D32F59381CB2B7670085727E /* SlidesViewController.swift */,
				D32F592A1CB2A8F30085727E /* Main.storyboard */,
				D32F592F1CB2A8F30085727E /* LaunchScreen.storyboard */,
				D32F592D1CB2A8F30085727E /* Assets.xcassets */,
				D32F59321CB2A8F30085727E /* Info.plist */,
			);
			path = "first-views";
			sourceTree = "<group>";
		};
		D32F593A1CB2BC1D0085727E /* images */ = {
			isa = PBXGroup;
			children = (
				D32F593D1CB2BD6D0085727E /* giants@2x.png */,
				D32F593F1CB2BD750085727E /* yankees@2x.png */,
				D32F593B1CB2BC1D0085727E /* mets@2x.png */,
			);
			path = images;
			sourceTree = "<group>";
		};
/* End PBXGroup section */

/* Begin PBXNativeTarget section */
		D32F59221CB2A8F30085727E /* first-views */ = {
			isa = PBXNativeTarget;
			buildConfigurationList = D32F59351CB2A8F30085727E /* Build configuration list for PBXNativeTarget "first-views" */;
			buildPhases = (
				D32F591F1CB2A8F30085727E /* Sources */,
				D32F59201CB2A8F30085727E /* Frameworks */,
				D32F59211CB2A8F30085727E /* Resources */,
			);
			buildRules = (
			);
			dependencies = (
			);
			name = "first-views";
			productName = "first-views";
			productReference = D32F59231CB2A8F30085727E /* first-views.app */;
			productType = "com.apple.product-type.application";
		};
/* End PBXNativeTarget section */

/* Begin PBXProject section */
		D32F591B1CB2A8F30085727E /* Project object */ = {
			isa = PBXProject;
			attributes = {
				LastSwiftUpdateCheck = 0730;
				LastUpgradeCheck = 0730;
				ORGANIZATIONNAME = "milkshake-systems";
				TargetAttributes = {
					D32F59221CB2A8F30085727E = {
						CreatedOnToolsVersion = 7.3;
						DevelopmentTeam = 98626S38U9;
					};
				};
			};
			buildConfigurationList = D32F591E1CB2A8F30085727E /* Build configuration list for PBXProject "first-views" */;
			compatibilityVersion = "Xcode 3.2";
			developmentRegion = English;
			hasScannedForEncodings = 0;
			knownRegions = (
				en,
				Base,
			);
			mainGroup = D32F591A1CB2A8F30085727E;
			productRefGroup = D32F59241CB2A8F30085727E /* Products */;
			projectDirPath = "";
			projectRoot = "";
			targets = (
				D32F59221CB2A8F30085727E /* first-views */,
			);
		};
/* End PBXProject section */

/* Begin PBXResourcesBuildPhase section */
		D32F59211CB2A8F30085727E /* Resources */ = {
			isa = PBXResourcesBuildPhase;
			buildActionMask = 2147483647;
			files = (
				D32F59311CB2A8F30085727E /* LaunchScreen.storyboard in Resources */,
				D32F593C1CB2BC1D0085727E /* mets@2x.png in Resources */,
				D32F592E1CB2A8F30085727E /* Assets.xcassets in Resources */,
				D32F593E1CB2BD6D0085727E /* giants@2x.png in Resources */,
				D32F592C1CB2A8F30085727E /* Main.storyboard in Resources */,
				D32F59401CB2BD750085727E /* yankees@2x.png in Resources */,
			);
			runOnlyForDeploymentPostprocessing = 0;
		};
/* End PBXResourcesBuildPhase section */

/* Begin PBXSourcesBuildPhase section */
		D32F591F1CB2A8F30085727E /* Sources */ = {
			isa = PBXSourcesBuildPhase;
			buildActionMask = 2147483647;
			files = (
				D32F59291CB2A8F30085727E /* ViewController.swift in Sources */,
				D32F59271CB2A8F30085727E /* AppDelegate.swift in Sources */,
				D32F59391CB2B7680085727E /* SlidesViewController.swift in Sources */,
			);
			runOnlyForDeploymentPostprocessing = 0;
		};
/* End PBXSourcesBuildPhase section */

/* Begin PBXVariantGroup section */
		D32F592A1CB2A8F30085727E /* Main.storyboard */ = {
			isa = PBXVariantGroup;
			children = (
				D32F592B1CB2A8F30085727E /* Base */,
			);
			name = Main.storyboard;
			sourceTree = "<group>";
		};
		D32F592F1CB2A8F30085727E /* LaunchScreen.storyboard */ = {
			isa = PBXVariantGroup;
			children = (
				D32F59301CB2A8F30085727E /* Base */,
			);
			name = LaunchScreen.storyboard;
			sourceTree = "<group>";
		};
/* End PBXVariantGroup section */

/* Begin XCBuildConfiguration section */
		D32F59331CB2A8F30085727E /* Debug */ = {
			isa = XCBuildConfiguration;
			buildSettings = {
				ALWAYS_SEARCH_USER_PATHS = NO;
				CLANG_ANALYZER_NONNULL = YES;
				CLANG_CXX_LANGUAGE_STANDARD = "gnu++0x";
				CLANG_CXX_LIBRARY = "libc++";
				CLANG_ENABLE_MODULES = YES;
				CLANG_ENABLE_OBJC_ARC = YES;
				CLANG_WARN_BOOL_CONVERSION = YES;
				CLANG_WARN_CONSTANT_CONVERSION = YES;
				CLANG_WARN_DIRECT_OBJC_ISA_USAGE = YES_ERROR;
				CLANG_WARN_EMPTY_BODY = YES;
				CLANG_WARN_ENUM_CONVERSION = YES;
				CLANG_WARN_INT_CONVERSION = YES;
				CLANG_WARN_OBJC_ROOT_CLASS = YES_ERROR;
				CLANG_WARN_UNREACHABLE_CODE = YES;
				CLANG_WARN__DUPLICATE_METHOD_MATCH = YES;
				"CODE_SIGN_IDENTITY[sdk=iphoneos*]" = "iPhone Developer";
				COPY_PHASE_STRIP = NO;
				DEBUG_INFORMATION_FORMAT = dwarf;
				ENABLE_STRICT_OBJC_MSGSEND = YES;
				ENABLE_TESTABILITY = YES;
				GCC_C_LANGUAGE_STANDARD = gnu99;
				GCC_DYNAMIC_NO_PIC = NO;
				GCC_NO_COMMON_BLOCKS = YES;
				GCC_OPTIMIZATION_LEVEL = 0;
				GCC_PREPROCESSOR_DEFINITIONS = (
					"DEBUG=1",
					"$(inherited)",
				);
				GCC_WARN_64_TO_32_BIT_CONVERSION = YES;
				GCC_WARN_ABOUT_RETURN_TYPE = YES_ERROR;
				GCC_WARN_UNDECLARED_SELECTOR = YES;
				GCC_WARN_UNINITIALIZED_AUTOS = YES_AGGRESSIVE;
				GCC_WARN_UNUSED_FUNCTION = YES;
				GCC_WARN_UNUSED_VARIABLE = YES;
				IPHONEOS_DEPLOYMENT_TARGET = 9.3;
				MTL_ENABLE_DEBUG_INFO = YES;
				ONLY_ACTIVE_ARCH = YES;
				SDKROOT = iphoneos;
				SWIFT_OPTIMIZATION_LEVEL = "-Onone";
			};
			name = Debug;
		};
		D32F59341CB2A8F30085727E /* Release */ = {
			isa = XCBuildConfiguration;
			buildSettings = {
				ALWAYS_SEARCH_USER_PATHS = NO;
				CLANG_ANALYZER_NONNULL = YES;
				CLANG_CXX_LANGUAGE_STANDARD = "gnu++0x";
				CLANG_CXX_LIBRARY = "libc++";
				CLANG_ENABLE_MODULES = YES;
				CLANG_ENABLE_OBJC_ARC = YES;
				CLANG_WARN_BOOL_CONVERSION = YES;
				CLANG_WARN_CONSTANT_CONVERSION = YES;
				CLANG_WARN_DIRECT_OBJC_ISA_USAGE = YES_ERROR;
				CLANG_WARN_EMPTY_BODY = YES;
				CLANG_WARN_ENUM_CONVERSION = YES;
				CLANG_WARN_INT_CONVERSION = YES;
				CLANG_WARN_OBJC_ROOT_CLASS = YES_ERROR;
				CLANG_WARN_UNREACHABLE_CODE = YES;
				CLANG_WARN__DUPLICATE_METHOD_MATCH = YES;
				"CODE_SIGN_IDENTITY[sdk=iphoneos*]" = "iPhone Developer";
				COPY_PHASE_STRIP = NO;
				DEBUG_INFORMATION_FORMAT = "dwarf-with-dsym";
				ENABLE_NS_ASSERTIONS = NO;
				ENABLE_STRICT_OBJC_MSGSEND = YES;
				GCC_C_LANGUAGE_STANDARD = gnu99;
				GCC_NO_COMMON_BLOCKS = YES;
				GCC_WARN_64_TO_32_BIT_CONVERSION = YES;
				GCC_WARN_ABOUT_RETURN_TYPE = YES_ERROR;
				GCC_WARN_UNDECLARED_SELECTOR = YES;
				GCC_WARN_UNINITIALIZED_AUTOS = YES_AGGRESSIVE;
				GCC_WARN_UNUSED_FUNCTION = YES;
				GCC_WARN_UNUSED_VARIABLE = YES;
				IPHONEOS_DEPLOYMENT_TARGET = 9.3;
				MTL_ENABLE_DEBUG_INFO = NO;
				SDKROOT = iphoneos;
				VALIDATE_PRODUCT = YES;
			};
			name = Release;
		};
		D32F59361CB2A8F30085727E /* Debug */ = {
			isa = XCBuildConfiguration;
			buildSettings = {
				ASSETCATALOG_COMPILER_APPICON_NAME = AppIcon;
				INFOPLIST_FILE = "first-views/Info.plist";
				LD_RUNPATH_SEARCH_PATHS = "$(inherited) @executable_path/Frameworks";
				PRODUCT_BUNDLE_IDENTIFIER = "com.milkshakesystems.first-views";
				PRODUCT_NAME = "$(TARGET_NAME)";
			};
			name = Debug;
		};
		D32F59371CB2A8F30085727E /* Release */ = {
			isa = XCBuildConfiguration;
			buildSettings = {
				ASSETCATALOG_COMPILER_APPICON_NAME = AppIcon;
				INFOPLIST_FILE = "first-views/Info.plist";
				LD_RUNPATH_SEARCH_PATHS = "$(inherited) @executable_path/Frameworks";
				PRODUCT_BUNDLE_IDENTIFIER = "com.milkshakesystems.first-views";
				PRODUCT_NAME = "$(TARGET_NAME)";
			};
			name = Release;
		};
/* End XCBuildConfiguration section */

/* Begin XCConfigurationList section */
		D32F591E1CB2A8F30085727E /* Build configuration list for PBXProject "first-views" */ = {
			isa = XCConfigurationList;
			buildConfigurations = (
				D32F59331CB2A8F30085727E /* Debug */,
				D32F59341CB2A8F30085727E /* Release */,
			);
			defaultConfigurationIsVisible = 0;
			defaultConfigurationName = Release;
		};
		D32F59351CB2A8F30085727E /* Build configuration list for PBXNativeTarget "first-views" */ = {
			isa = XCConfigurationList;
			buildConfigurations = (
				D32F59361CB2A8F30085727E /* Debug */,
				D32F59371CB2A8F30085727E /* Release */,
			);
			defaultConfigurationIsVisible = 0;
		};
/* End XCConfigurationList section */
	};
	rootObject = D32F591B1CB2A8F30085727E /* Project object */;
}
