// !$*UTF8*$!
{
	archiveVersion = 1;
	classes = {
	};
	objectVersion = 46;
	objects = {

/* Begin PBXBuildFile section */
		D3998D271CB6F04200D04725 /* AppDelegate.swift in Sources */ = {isa = PBXBuildFile; fileRef = D3998D261CB6F04200D04725 /* AppDelegate.swift */; };
		D3998D291CB6F04200D04725 /* ViewController.swift in Sources */ = {isa = PBXBuildFile; fileRef = D3998D281CB6F04200D04725 /* ViewController.swift */; };
		D3998D2C1CB6F04200D04725 /* Main.storyboard in Resources */ = {isa = PBXBuildFile; fileRef = D3998D2A1CB6F04200D04725 /* Main.storyboard */; };
		D3998D2E1CB6F04200D04725 /* Assets.xcassets in Resources */ = {isa = PBXBuildFile; fileRef = D3998D2D1CB6F04200D04725 /* Assets.xcassets */; };
		D3998D311CB6F04200D04725 /* LaunchScreen.storyboard in Resources */ = {isa = PBXBuildFile; fileRef = D3998D2F1CB6F04200D04725 /* LaunchScreen.storyboard */; };
/* End PBXBuildFile section */

/* Begin PBXFileReference section */
		D3998D231CB6F04100D04725 /* disgraced-athletes.app */ = {isa = PBXFileReference; explicitFileType = wrapper.application; includeInIndex = 0; path = "disgraced-athletes.app"; sourceTree = BUILT_PRODUCTS_DIR; };
		D3998D261CB6F04200D04725 /* AppDelegate.swift */ = {isa = PBXFileReference; lastKnownFileType = sourcecode.swift; path = AppDelegate.swift; sourceTree = "<group>"; };
		D3998D281CB6F04200D04725 /* ViewController.swift */ = {isa = PBXFileReference; lastKnownFileType = sourcecode.swift; path = ViewController.swift; sourceTree = "<group>"; };
		D3998D2B1CB6F04200D04725 /* Base */ = {isa = PBXFileReference; lastKnownFileType = file.storyboard; name = Base; path = Base.lproj/Main.storyboard; sourceTree = "<group>"; };
		D3998D2D1CB6F04200D04725 /* Assets.xcassets */ = {isa = PBXFileReference; lastKnownFileType = folder.assetcatalog; path = Assets.xcassets; sourceTree = "<group>"; };
		D3998D301CB6F04200D04725 /* Base */ = {isa = PBXFileReference; lastKnownFileType = file.storyboard; name = Base; path = Base.lproj/LaunchScreen.storyboard; sourceTree = "<group>"; };
		D3998D321CB6F04200D04725 /* Info.plist */ = {isa = PBXFileReference; lastKnownFileType = text.plist.xml; path = Info.plist; sourceTree = "<group>"; };
/* End PBXFileReference section */

/* Begin PBXFrameworksBuildPhase section */
		D3998D201CB6F04100D04725 /* Frameworks */ = {
			isa = PBXFrameworksBuildPhase;
			buildActionMask = 2147483647;
			files = (
			);
			runOnlyForDeploymentPostprocessing = 0;
		};
/* End PBXFrameworksBuildPhase section */

/* Begin PBXGroup section */
		D3998D1A1CB6F04100D04725 = {
			isa = PBXGroup;
			children = (
				D3998D251CB6F04200D04725 /* disgraced-athletes */,
				D3998D241CB6F04100D04725 /* Products */,
			);
			sourceTree = "<group>";
		};
		D3998D241CB6F04100D04725 /* Products */ = {
			isa = PBXGroup;
			children = (
				D3998D231CB6F04100D04725 /* disgraced-athletes.app */,
			);
			name = Products;
			sourceTree = "<group>";
		};
		D3998D251CB6F04200D04725 /* disgraced-athletes */ = {
			isa = PBXGroup;
			children = (
				D3998D261CB6F04200D04725 /* AppDelegate.swift */,
				D3998D281CB6F04200D04725 /* ViewController.swift */,
				D3998D2A1CB6F04200D04725 /* Main.storyboard */,
				D3998D2D1CB6F04200D04725 /* Assets.xcassets */,
				D3998D2F1CB6F04200D04725 /* LaunchScreen.storyboard */,
				D3998D321CB6F04200D04725 /* Info.plist */,
			);
			path = "disgraced-athletes";
			sourceTree = "<group>";
		};
/* End PBXGroup section */

/* Begin PBXNativeTarget section */
		D3998D221CB6F04100D04725 /* disgraced-athletes */ = {
			isa = PBXNativeTarget;
			buildConfigurationList = D3998D351CB6F04200D04725 /* Build configuration list for PBXNativeTarget "disgraced-athletes" */;
			buildPhases = (
				D3998D1F1CB6F04100D04725 /* Sources */,
				D3998D201CB6F04100D04725 /* Frameworks */,
				D3998D211CB6F04100D04725 /* Resources */,
			);
			buildRules = (
			);
			dependencies = (
			);
			name = "disgraced-athletes";
			productName = "disgraced-athletes";
			productReference = D3998D231CB6F04100D04725 /* disgraced-athletes.app */;
			productType = "com.apple.product-type.application";
		};
/* End PBXNativeTarget section */

/* Begin PBXProject section */
		D3998D1B1CB6F04100D04725 /* Project object */ = {
			isa = PBXProject;
			attributes = {
				LastSwiftUpdateCheck = 0730;
				LastUpgradeCheck = 0730;
				ORGANIZATIONNAME = "milkshake-systems";
				TargetAttributes = {
					D3998D221CB6F04100D04725 = {
						CreatedOnToolsVersion = 7.3;
						DevelopmentTeam = 98626S38U9;
					};
				};
			};
			buildConfigurationList = D3998D1E1CB6F04100D04725 /* Build configuration list for PBXProject "disgraced-athletes" */;
			compatibilityVersion = "Xcode 3.2";
			developmentRegion = English;
			hasScannedForEncodings = 0;
			knownRegions = (
				en,
				Base,
			);
			mainGroup = D3998D1A1CB6F04100D04725;
			productRefGroup = D3998D241CB6F04100D04725 /* Products */;
			projectDirPath = "";
			projectRoot = "";
			targets = (
				D3998D221CB6F04100D04725 /* disgraced-athletes */,
			);
		};
/* End PBXProject section */

/* Begin PBXResourcesBuildPhase section */
		D3998D211CB6F04100D04725 /* Resources */ = {
			isa = PBXResourcesBuildPhase;
			buildActionMask = 2147483647;
			files = (
				D3998D311CB6F04200D04725 /* LaunchScreen.storyboard in Resources */,
				D3998D2E1CB6F04200D04725 /* Assets.xcassets in Resources */,
				D3998D2C1CB6F04200D04725 /* Main.storyboard in Resources */,
			);
			runOnlyForDeploymentPostprocessing = 0;
		};
/* End PBXResourcesBuildPhase section */

/* Begin PBXSourcesBuildPhase section */
		D3998D1F1CB6F04100D04725 /* Sources */ = {
			isa = PBXSourcesBuildPhase;
			buildActionMask = 2147483647;
			files = (
				D3998D291CB6F04200D04725 /* ViewController.swift in Sources */,
				D3998D271CB6F04200D04725 /* AppDelegate.swift in Sources */,
			);
			runOnlyForDeploymentPostprocessing = 0;
		};
/* End PBXSourcesBuildPhase section */

/* Begin PBXVariantGroup section */
		D3998D2A1CB6F04200D04725 /* Main.storyboard */ = {
			isa = PBXVariantGroup;
			children = (
				D3998D2B1CB6F04200D04725 /* Base */,
			);
			name = Main.storyboard;
			sourceTree = "<group>";
		};
		D3998D2F1CB6F04200D04725 /* LaunchScreen.storyboard */ = {
			isa = PBXVariantGroup;
			children = (
				D3998D301CB6F04200D04725 /* Base */,
			);
			name = LaunchScreen.storyboard;
			sourceTree = "<group>";
		};
/* End PBXVariantGroup section */

/* Begin XCBuildConfiguration section */
		D3998D331CB6F04200D04725 /* Debug */ = {
			isa = XCBuildConfiguration;
			buildSettings = {
				ALWAYS_SEARCH_USER_PATHS = NO;
				CLANG_ANALYZER_NONNULL = YES;
				CLANG_CXX_LANGUAGE_STANDARD = "gnu++0x";
				CLANG_CXX_LIBRARY = "libc++";
				CLANG_ENABLE_MODULES = YES;
				CLANG_ENABLE_OBJC_ARC = YES;
				CLANG_WARN_BOOL_CONVERSION = YES;
				CLANG_WARN_CONSTANT_CONVERSION = YES;
				CLANG_WARN_DIRECT_OBJC_ISA_USAGE = YES_ERROR;
				CLANG_WARN_EMPTY_BODY = YES;
				CLANG_WARN_ENUM_CONVERSION = YES;
				CLANG_WARN_INT_CONVERSION = YES;
				CLANG_WARN_OBJC_ROOT_CLASS = YES_ERROR;
				CLANG_WARN_UNREACHABLE_CODE = YES;
				CLANG_WARN__DUPLICATE_METHOD_MATCH = YES;
				"CODE_SIGN_IDENTITY[sdk=iphoneos*]" = "iPhone Developer";
				COPY_PHASE_STRIP = NO;
				DEBUG_INFORMATION_FORMAT = dwarf;
				ENABLE_STRICT_OBJC_MSGSEND = YES;
				ENABLE_TESTABILITY = YES;
				GCC_C_LANGUAGE_STANDARD = gnu99;
				GCC_DYNAMIC_NO_PIC = NO;
				GCC_NO_COMMON_BLOCKS = YES;
				GCC_OPTIMIZATION_LEVEL = 0;
				GCC_PREPROCESSOR_DEFINITIONS = (
					"DEBUG=1",
					"$(inherited)",
				);
				GCC_WARN_64_TO_32_BIT_CONVERSION = YES;
				GCC_WARN_ABOUT_RETURN_TYPE = YES_ERROR;
				GCC_WARN_UNDECLARED_SELECTOR = YES;
				GCC_WARN_UNINITIALIZED_AUTOS = YES_AGGRESSIVE;
				GCC_WARN_UNUSED_FUNCTION = YES;
				GCC_WARN_UNUSED_VARIABLE = YES;
				IPHONEOS_DEPLOYMENT_TARGET = 9.3;
				MTL_ENABLE_DEBUG_INFO = YES;
				ONLY_ACTIVE_ARCH = YES;
				SDKROOT = iphoneos;
				SWIFT_OPTIMIZATION_LEVEL = "-Onone";
			};
			name = Debug;
		};
		D3998D341CB6F04200D04725 /* Release */ = {
			isa = XCBuildConfiguration;
			buildSettings = {
				ALWAYS_SEARCH_USER_PATHS = NO;
				CLANG_ANALYZER_NONNULL = YES;
				CLANG_CXX_LANGUAGE_STANDARD = "gnu++0x";
				CLANG_CXX_LIBRARY = "libc++";
				CLANG_ENABLE_MODULES = YES;
				CLANG_ENABLE_OBJC_ARC = YES;
				CLANG_WARN_BOOL_CONVERSION = YES;
				CLANG_WARN_CONSTANT_CONVERSION = YES;
				CLANG_WARN_DIRECT_OBJC_ISA_USAGE = YES_ERROR;
				CLANG_WARN_EMPTY_BODY = YES;
				CLANG_WARN_ENUM_CONVERSION = YES;
				CLANG_WARN_INT_CONVERSION = YES;
				CLANG_WARN_OBJC_ROOT_CLASS = YES_ERROR;
				CLANG_WARN_UNREACHABLE_CODE = YES;
				CLANG_WARN__DUPLICATE_METHOD_MATCH = YES;
				"CODE_SIGN_IDENTITY[sdk=iphoneos*]" = "iPhone Developer";
				COPY_PHASE_STRIP = NO;
				DEBUG_INFORMATION_FORMAT = "dwarf-with-dsym";
				ENABLE_NS_ASSERTIONS = NO;
				ENABLE_STRICT_OBJC_MSGSEND = YES;
				GCC_C_LANGUAGE_STANDARD = gnu99;
				GCC_NO_COMMON_BLOCKS = YES;
				GCC_WARN_64_TO_32_BIT_CONVERSION = YES;
				GCC_WARN_ABOUT_RETURN_TYPE = YES_ERROR;
				GCC_WARN_UNDECLARED_SELECTOR = YES;
				GCC_WARN_UNINITIALIZED_AUTOS = YES_AGGRESSIVE;
				GCC_WARN_UNUSED_FUNCTION = YES;
				GCC_WARN_UNUSED_VARIABLE = YES;
				IPHONEOS_DEPLOYMENT_TARGET = 9.3;
				MTL_ENABLE_DEBUG_INFO = NO;
				SDKROOT = iphoneos;
				VALIDATE_PRODUCT = YES;
			};
			name = Release;
		};
		D3998D361CB6F04200D04725 /* Debug */ = {
			isa = XCBuildConfiguration;
			buildSettings = {
				ASSETCATALOG_COMPILER_APPICON_NAME = AppIcon;
				INFOPLIST_FILE = "disgraced-athletes/Info.plist";
				LD_RUNPATH_SEARCH_PATHS = "$(inherited) @executable_path/Frameworks";
				PRODUCT_BUNDLE_IDENTIFIER = "com.milkshakesystems.disgraced-athletes";
				PRODUCT_NAME = "$(TARGET_NAME)";
			};
			name = Debug;
		};
		D3998D371CB6F04200D04725 /* Release */ = {
			isa = XCBuildConfiguration;
			buildSettings = {
				ASSETCATALOG_COMPILER_APPICON_NAME = AppIcon;
				INFOPLIST_FILE = "disgraced-athletes/Info.plist";
				LD_RUNPATH_SEARCH_PATHS = "$(inherited) @executable_path/Frameworks";
				PRODUCT_BUNDLE_IDENTIFIER = "com.milkshakesystems.disgraced-athletes";
				PRODUCT_NAME = "$(TARGET_NAME)";
			};
			name = Release;
		};
/* End XCBuildConfiguration section */

/* Begin XCConfigurationList section */
		D3998D1E1CB6F04100D04725 /* Build configuration list for PBXProject "disgraced-athletes" */ = {
			isa = XCConfigurationList;
			buildConfigurations = (
				D3998D331CB6F04200D04725 /* Debug */,
				D3998D341CB6F04200D04725 /* Release */,
			);
			defaultConfigurationIsVisible = 0;
			defaultConfigurationName = Release;
		};
		D3998D351CB6F04200D04725 /* Build configuration list for PBXNativeTarget "disgraced-athletes" */ = {
			isa = XCConfigurationList;
			buildConfigurations = (
				D3998D361CB6F04200D04725 /* Debug */,
				D3998D371CB6F04200D04725 /* Release */,
			);
			defaultConfigurationIsVisible = 0;
		};
/* End XCConfigurationList section */
	};
	rootObject = D3998D1B1CB6F04100D04725 /* Project object */;
}
